// !$*UTF8*$!
{
	archiveVersion = 1;
	classes = {
	};
	objectVersion = 46;
	objects = {

/* Begin PBXBuildFile section */
		9F68ADDA1CC86106003A8694 /* 1.gif in Resources */ = {isa = PBXBuildFile; fileRef = 9F68ADD91CC86106003A8694 /* 1.gif */; };
		9F70FA801CC4B4A500475FA9 /* main.m in Sources */ = {isa = PBXBuildFile; fileRef = 9F70FA7F1CC4B4A500475FA9 /* main.m */; };
		9F70FA831CC4B4A500475FA9 /* AppDelegate.m in Sources */ = {isa = PBXBuildFile; fileRef = 9F70FA821CC4B4A500475FA9 /* AppDelegate.m */; };
		9F70FA861CC4B4A500475FA9 /* ViewController.m in Sources */ = {isa = PBXBuildFile; fileRef = 9F70FA851CC4B4A500475FA9 /* ViewController.m */; };
		9F70FA891CC4B4A500475FA9 /* Main.storyboard in Resources */ = {isa = PBXBuildFile; fileRef = 9F70FA871CC4B4A500475FA9 /* Main.storyboard */; };
		9F70FA8B1CC4B4A500475FA9 /* Assets.xcassets in Resources */ = {isa = PBXBuildFile; fileRef = 9F70FA8A1CC4B4A500475FA9 /* Assets.xcassets */; };
		9F70FA8E1CC4B4A500475FA9 /* LaunchScreen.storyboard in Resources */ = {isa = PBXBuildFile; fileRef = 9F70FA8C1CC4B4A500475FA9 /* LaunchScreen.storyboard */; };
		9F70FA971CC4B52200475FA9 /* FruitListTableViewController.m in Sources */ = {isa = PBXBuildFile; fileRef = 9F70FA961CC4B52200475FA9 /* FruitListTableViewController.m */; };
		9F70FA9B1CC4B71000475FA9 /* FruitCell.m in Sources */ = {isa = PBXBuildFile; fileRef = 9F70FA991CC4B71000475FA9 /* FruitCell.m */; };
		9F70FA9C1CC4B71000475FA9 /* FruitCell.xib in Resources */ = {isa = PBXBuildFile; fileRef = 9F70FA9A1CC4B71000475FA9 /* FruitCell.xib */; };
		9F70FA9F1CC4BF0300475FA9 /* 1.jpg in Resources */ = {isa = PBXBuildFile; fileRef = 9F70FA9E1CC4BF0300475FA9 /* 1.jpg */; };
		9F70FAA11CC4BF0800475FA9 /* 2.jpg in Resources */ = {isa = PBXBuildFile; fileRef = 9F70FAA01CC4BF0800475FA9 /* 2.jpg */; };
		9F70FAA31CC4BF0F00475FA9 /* 3.jpg in Resources */ = {isa = PBXBuildFile; fileRef = 9F70FAA21CC4BF0F00475FA9 /* 3.jpg */; };
		9F70FAA51CC4BF1E00475FA9 /* 4.jpg in Resources */ = {isa = PBXBuildFile; fileRef = 9F70FAA41CC4BF1E00475FA9 /* 4.jpg */; };
		9F70FAA71CC4BF2800475FA9 /* 5.jpg in Resources */ = {isa = PBXBuildFile; fileRef = 9F70FAA61CC4BF2800475FA9 /* 5.jpg */; };
		9F70FAAA1CC4BF5100475FA9 /* FruitModel.m in Sources */ = {isa = PBXBuildFile; fileRef = 9F70FAA91CC4BF5100475FA9 /* FruitModel.m */; };
		9F70FAB71CC4D74D00475FA9 /* UITableView+SDAutoTableViewCellHeight.m in Sources */ = {isa = PBXBuildFile; fileRef = 9F70FAB41CC4D74D00475FA9 /* UITableView+SDAutoTableViewCellHeight.m */; };
		9F70FAB81CC4D74D00475FA9 /* UIView+SDAutoLayout.m in Sources */ = {isa = PBXBuildFile; fileRef = 9F70FAB61CC4D74D00475FA9 /* UIView+SDAutoLayout.m */; };
		9F70FABB1CC4DD8100475FA9 /* HJSMoveTransition.m in Sources */ = {isa = PBXBuildFile; fileRef = 9F70FABA1CC4DD8100475FA9 /* HJSMoveTransition.m */; };
		9F7B97731CC5D85A00238574 /* HJSMoveInverseTransition.m in Sources */ = {isa = PBXBuildFile; fileRef = 9F7B97721CC5D85A00238574 /* HJSMoveInverseTransition.m */; };
		9F7B97801CC619D800238574 /* FruitDetailViewController.m in Sources */ = {isa = PBXBuildFile; fileRef = 9F7B977F1CC619D800238574 /* FruitDetailViewController.m */; };
		9F7B97831CC62F9500238574 /* ParallaxHeaderView.m in Sources */ = {isa = PBXBuildFile; fileRef = 9F7B97821CC62F9500238574 /* ParallaxHeaderView.m */; };
		9F7B97861CC62FB100238574 /* UIImage+ImageEffects.m in Sources */ = {isa = PBXBuildFile; fileRef = 9F7B97851CC62FB100238574 /* UIImage+ImageEffects.m */; };
/* End PBXBuildFile section */

/* Begin PBXFileReference section */
		9F68ADD91CC86106003A8694 /* 1.gif */ = {isa = PBXFileReference; lastKnownFileType = image.gif; path = 1.gif; sourceTree = "<group>"; };
		9F70FA7B1CC4B4A500475FA9 /* EveryDayTheOrchard.app */ = {isa = PBXFileReference; explicitFileType = wrapper.application; includeInIndex = 0; path = EveryDayTheOrchard.app; sourceTree = BUILT_PRODUCTS_DIR; };
		9F70FA7F1CC4B4A500475FA9 /* main.m */ = {isa = PBXFileReference; lastKnownFileType = sourcecode.c.objc; path = main.m; sourceTree = "<group>"; };
		9F70FA811CC4B4A500475FA9 /* AppDelegate.h */ = {isa = PBXFileReference; lastKnownFileType = sourcecode.c.h; path = AppDelegate.h; sourceTree = "<group>"; };
		9F70FA821CC4B4A500475FA9 /* AppDelegate.m */ = {isa = PBXFileReference; lastKnownFileType = sourcecode.c.objc; path = AppDelegate.m; sourceTree = "<group>"; };
		9F70FA841CC4B4A500475FA9 /* ViewController.h */ = {isa = PBXFileReference; lastKnownFileType = sourcecode.c.h; path = ViewController.h; sourceTree = "<group>"; };
		9F70FA851CC4B4A500475FA9 /* ViewController.m */ = {isa = PBXFileReference; lastKnownFileType = sourcecode.c.objc; path = ViewController.m; sourceTree = "<group>"; };
		9F70FA881CC4B4A500475FA9 /* Base */ = {isa = PBXFileReference; lastKnownFileType = file.storyboard; name = Base; path = Base.lproj/Main.storyboard; sourceTree = "<group>"; };
		9F70FA8A1CC4B4A500475FA9 /* Assets.xcassets */ = {isa = PBXFileReference; lastKnownFileType = folder.assetcatalog; path = Assets.xcassets; sourceTree = "<group>"; };
		9F70FA8D1CC4B4A500475FA9 /* Base */ = {isa = PBXFileReference; lastKnownFileType = file.storyboard; name = Base; path = Base.lproj/LaunchScreen.storyboard; sourceTree = "<group>"; };
		9F70FA8F1CC4B4A500475FA9 /* Info.plist */ = {isa = PBXFileReference; lastKnownFileType = text.plist.xml; path = Info.plist; sourceTree = "<group>"; };
		9F70FA951CC4B52200475FA9 /* FruitListTableViewController.h */ = {isa = PBXFileReference; fileEncoding = 4; lastKnownFileType = sourcecode.c.h; path = FruitListTableViewController.h; sourceTree = "<group>"; };
		9F70FA961CC4B52200475FA9 /* FruitListTableViewController.m */ = {isa = PBXFileReference; fileEncoding = 4; lastKnownFileType = sourcecode.c.objc; path = FruitListTableViewController.m; sourceTree = "<group>"; };
		9F70FA981CC4B71000475FA9 /* FruitCell.h */ = {isa = PBXFileReference; fileEncoding = 4; lastKnownFileType = sourcecode.c.h; path = FruitCell.h; sourceTree = "<group>"; };
		9F70FA991CC4B71000475FA9 /* FruitCell.m */ = {isa = PBXFileReference; fileEncoding = 4; lastKnownFileType = sourcecode.c.objc; path = FruitCell.m; sourceTree = "<group>"; };
		9F70FA9A1CC4B71000475FA9 /* FruitCell.xib */ = {isa = PBXFileReference; fileEncoding = 4; lastKnownFileType = file.xib; path = FruitCell.xib; sourceTree = "<group>"; };
		9F70FA9E1CC4BF0300475FA9 /* 1.jpg */ = {isa = PBXFileReference; lastKnownFileType = image.jpeg; path = 1.jpg; sourceTree = "<group>"; };
		9F70FAA01CC4BF0800475FA9 /* 2.jpg */ = {isa = PBXFileReference; lastKnownFileType = image.jpeg; path = 2.jpg; sourceTree = "<group>"; };
		9F70FAA21CC4BF0F00475FA9 /* 3.jpg */ = {isa = PBXFileReference; lastKnownFileType = image.jpeg; path = 3.jpg; sourceTree = "<group>"; };
		9F70FAA41CC4BF1E00475FA9 /* 4.jpg */ = {isa = PBXFileReference; lastKnownFileType = image.jpeg; path = 4.jpg; sourceTree = "<group>"; };
		9F70FAA61CC4BF2800475FA9 /* 5.jpg */ = {isa = PBXFileReference; lastKnownFileType = image.jpeg; path = 5.jpg; sourceTree = "<group>"; };
		9F70FAA81CC4BF5100475FA9 /* FruitModel.h */ = {isa = PBXFileReference; fileEncoding = 4; lastKnownFileType = sourcecode.c.h; path = FruitModel.h; sourceTree = "<group>"; };
		9F70FAA91CC4BF5100475FA9 /* FruitModel.m */ = {isa = PBXFileReference; fileEncoding = 4; lastKnownFileType = sourcecode.c.objc; path = FruitModel.m; sourceTree = "<group>"; };
		9F70FAB31CC4D74D00475FA9 /* UITableView+SDAutoTableViewCellHeight.h */ = {isa = PBXFileReference; fileEncoding = 4; lastKnownFileType = sourcecode.c.h; path = "UITableView+SDAutoTableViewCellHeight.h"; sourceTree = "<group>"; };
		9F70FAB41CC4D74D00475FA9 /* UITableView+SDAutoTableViewCellHeight.m */ = {isa = PBXFileReference; fileEncoding = 4; lastKnownFileType = sourcecode.c.objc; path = "UITableView+SDAutoTableViewCellHeight.m"; sourceTree = "<group>"; };
		9F70FAB51CC4D74D00475FA9 /* UIView+SDAutoLayout.h */ = {isa = PBXFileReference; fileEncoding = 4; lastKnownFileType = sourcecode.c.h; path = "UIView+SDAutoLayout.h"; sourceTree = "<group>"; };
		9F70FAB61CC4D74D00475FA9 /* UIView+SDAutoLayout.m */ = {isa = PBXFileReference; fileEncoding = 4; lastKnownFileType = sourcecode.c.objc; path = "UIView+SDAutoLayout.m"; sourceTree = "<group>"; };
		9F70FAB91CC4DD8100475FA9 /* HJSMoveTransition.h */ = {isa = PBXFileReference; fileEncoding = 4; lastKnownFileType = sourcecode.c.h; path = HJSMoveTransition.h; sourceTree = "<group>"; };
		9F70FABA1CC4DD8100475FA9 /* HJSMoveTransition.m */ = {isa = PBXFileReference; fileEncoding = 4; lastKnownFileType = sourcecode.c.objc; path = HJSMoveTransition.m; sourceTree = "<group>"; };
		9F7B97711CC5D85A00238574 /* HJSMoveInverseTransition.h */ = {isa = PBXFileReference; fileEncoding = 4; lastKnownFileType = sourcecode.c.h; path = HJSMoveInverseTransition.h; sourceTree = "<group>"; };
		9F7B97721CC5D85A00238574 /* HJSMoveInverseTransition.m */ = {isa = PBXFileReference; fileEncoding = 4; lastKnownFileType = sourcecode.c.objc; path = HJSMoveInverseTransition.m; sourceTree = "<group>"; };
		9F7B977E1CC619D800238574 /* FruitDetailViewController.h */ = {isa = PBXFileReference; fileEncoding = 4; lastKnownFileType = sourcecode.c.h; path = FruitDetailViewController.h; sourceTree = "<group>"; };
		9F7B977F1CC619D800238574 /* FruitDetailViewController.m */ = {isa = PBXFileReference; fileEncoding = 4; lastKnownFileType = sourcecode.c.objc; path = FruitDetailViewController.m; sourceTree = "<group>"; };
		9F7B97811CC62F9500238574 /* ParallaxHeaderView.h */ = {isa = PBXFileReference; fileEncoding = 4; lastKnownFileType = sourcecode.c.h; path = ParallaxHeaderView.h; sourceTree = "<group>"; };
		9F7B97821CC62F9500238574 /* ParallaxHeaderView.m */ = {isa = PBXFileReference; fileEncoding = 4; lastKnownFileType = sourcecode.c.objc; path = ParallaxHeaderView.m; sourceTree = "<group>"; };
		9F7B97841CC62FB100238574 /* UIImage+ImageEffects.h */ = {isa = PBXFileReference; fileEncoding = 4; lastKnownFileType = sourcecode.c.h; path = "UIImage+ImageEffects.h"; sourceTree = "<group>"; };
		9F7B97851CC62FB100238574 /* UIImage+ImageEffects.m */ = {isa = PBXFileReference; fileEncoding = 4; lastKnownFileType = sourcecode.c.objc; path = "UIImage+ImageEffects.m"; sourceTree = "<group>"; };
/* End PBXFileReference section */

/* Begin PBXFrameworksBuildPhase section */
		9F70FA781CC4B4A500475FA9 /* Frameworks */ = {
			isa = PBXFrameworksBuildPhase;
			buildActionMask = 2147483647;
			files = (
			);
			runOnlyForDeploymentPostprocessing = 0;
		};
/* End PBXFrameworksBuildPhase section */

/* Begin PBXGroup section */
		9F70FA721CC4B4A500475FA9 = {
			isa = PBXGroup;
			children = (
				9F70FA7D1CC4B4A500475FA9 /* EveryDayTheOrchard */,
				9F70FA7C1CC4B4A500475FA9 /* Products */,
			);
			sourceTree = "<group>";
		};
		9F70FA7C1CC4B4A500475FA9 /* Products */ = {
			isa = PBXGroup;
			children = (
				9F70FA7B1CC4B4A500475FA9 /* EveryDayTheOrchard.app */,
			);
			name = Products;
			sourceTree = "<group>";
		};
		9F70FA7D1CC4B4A500475FA9 /* EveryDayTheOrchard */ = {
			isa = PBXGroup;
			children = (
				9F70FAB21CC4D74D00475FA9 /* SDAutoLayout */,
				9F70FA811CC4B4A500475FA9 /* AppDelegate.h */,
				9F70FA821CC4B4A500475FA9 /* AppDelegate.m */,
				9F70FA841CC4B4A500475FA9 /* ViewController.h */,
				9F70FA851CC4B4A500475FA9 /* ViewController.m */,
				9F70FA951CC4B52200475FA9 /* FruitListTableViewController.h */,
				9F70FA961CC4B52200475FA9 /* FruitListTableViewController.m */,
				9F7B977E1CC619D800238574 /* FruitDetailViewController.h */,
				9F7B977F1CC619D800238574 /* FruitDetailViewController.m */,
				9F70FAB91CC4DD8100475FA9 /* HJSMoveTransition.h */,
				9F70FABA1CC4DD8100475FA9 /* HJSMoveTransition.m */,
				9F7B97711CC5D85A00238574 /* HJSMoveInverseTransition.h */,
				9F7B97721CC5D85A00238574 /* HJSMoveInverseTransition.m */,
				9F7B97811CC62F9500238574 /* ParallaxHeaderView.h */,
				9F7B97821CC62F9500238574 /* ParallaxHeaderView.m */,
				9F7B97841CC62FB100238574 /* UIImage+ImageEffects.h */,
				9F7B97851CC62FB100238574 /* UIImage+ImageEffects.m */,
				9F70FAA81CC4BF5100475FA9 /* FruitModel.h */,
				9F70FAA91CC4BF5100475FA9 /* FruitModel.m */,
				9F70FA981CC4B71000475FA9 /* FruitCell.h */,
				9F70FA991CC4B71000475FA9 /* FruitCell.m */,
				9F70FA9A1CC4B71000475FA9 /* FruitCell.xib */,
				9F70FA9D1CC4BED100475FA9 /* Images */,
				9F70FA871CC4B4A500475FA9 /* Main.storyboard */,
				9F70FA8A1CC4B4A500475FA9 /* Assets.xcassets */,
				9F70FA8C1CC4B4A500475FA9 /* LaunchScreen.storyboard */,
				9F70FA8F1CC4B4A500475FA9 /* Info.plist */,
				9F70FA7E1CC4B4A500475FA9 /* Supporting Files */,
			);
			path = EveryDayTheOrchard;
			sourceTree = "<group>";
		};
		9F70FA7E1CC4B4A500475FA9 /* Supporting Files */ = {
			isa = PBXGroup;
			children = (
				9F70FA7F1CC4B4A500475FA9 /* main.m */,
			);
			name = "Supporting Files";
			sourceTree = "<group>";
		};
		9F70FA9D1CC4BED100475FA9 /* Images */ = {
			isa = PBXGroup;
			children = (
				9F68ADD91CC86106003A8694 /* 1.gif */,
				9F70FA9E1CC4BF0300475FA9 /* 1.jpg */,
				9F70FAA01CC4BF0800475FA9 /* 2.jpg */,
				9F70FAA21CC4BF0F00475FA9 /* 3.jpg */,
				9F70FAA41CC4BF1E00475FA9 /* 4.jpg */,
				9F70FAA61CC4BF2800475FA9 /* 5.jpg */,
			);
			path = Images;
			sourceTree = "<group>";
		};
		9F70FAB21CC4D74D00475FA9 /* SDAutoLayout */ = {
			isa = PBXGroup;
			children = (
				9F70FAB31CC4D74D00475FA9 /* UITableView+SDAutoTableViewCellHeight.h */,
				9F70FAB41CC4D74D00475FA9 /* UITableView+SDAutoTableViewCellHeight.m */,
				9F70FAB51CC4D74D00475FA9 /* UIView+SDAutoLayout.h */,
				9F70FAB61CC4D74D00475FA9 /* UIView+SDAutoLayout.m */,
			);
			path = SDAutoLayout;
			sourceTree = "<group>";
		};
/* End PBXGroup section */

/* Begin PBXNativeTarget section */
		9F70FA7A1CC4B4A500475FA9 /* EveryDayTheOrchard */ = {
			isa = PBXNativeTarget;
			buildConfigurationList = 9F70FA921CC4B4A500475FA9 /* Build configuration list for PBXNativeTarget "EveryDayTheOrchard" */;
			buildPhases = (
				9F70FA771CC4B4A500475FA9 /* Sources */,
				9F70FA781CC4B4A500475FA9 /* Frameworks */,
				9F70FA791CC4B4A500475FA9 /* Resources */,
			);
			buildRules = (
			);
			dependencies = (
			);
			name = EveryDayTheOrchard;
			productName = EveryDayTheOrchard;
			productReference = 9F70FA7B1CC4B4A500475FA9 /* EveryDayTheOrchard.app */;
			productType = "com.apple.product-type.application";
		};
/* End PBXNativeTarget section */

/* Begin PBXProject section */
		9F70FA731CC4B4A500475FA9 /* Project object */ = {
			isa = PBXProject;
			attributes = {
				LastUpgradeCheck = 0730;
				ORGANIZATIONNAME = "飞兽科技";
				TargetAttributes = {
					9F70FA7A1CC4B4A500475FA9 = {
						CreatedOnToolsVersion = 7.3;
						DevelopmentTeam = FD4PJ7N7A9;
					};
				};
			};
			buildConfigurationList = 9F70FA761CC4B4A500475FA9 /* Build configuration list for PBXProject "EveryDayTheOrchard" */;
			compatibilityVersion = "Xcode 3.2";
			developmentRegion = English;
			hasScannedForEncodings = 0;
			knownRegions = (
				en,
				Base,
			);
			mainGroup = 9F70FA721CC4B4A500475FA9;
			productRefGroup = 9F70FA7C1CC4B4A500475FA9 /* Products */;
			projectDirPath = "";
			projectRoot = "";
			targets = (
				9F70FA7A1CC4B4A500475FA9 /* EveryDayTheOrchard */,
			);
		};
/* End PBXProject section */

/* Begin PBXResourcesBuildPhase section */
		9F70FA791CC4B4A500475FA9 /* Resources */ = {
			isa = PBXResourcesBuildPhase;
			buildActionMask = 2147483647;
			files = (
				9F70FAA11CC4BF0800475FA9 /* 2.jpg in Resources */,
				9F70FA9C1CC4B71000475FA9 /* FruitCell.xib in Resources */,
				9F70FAA51CC4BF1E00475FA9 /* 4.jpg in Resources */,
				9F70FA8E1CC4B4A500475FA9 /* LaunchScreen.storyboard in Resources */,
				9F70FA8B1CC4B4A500475FA9 /* Assets.xcassets in Resources */,
				9F70FA891CC4B4A500475FA9 /* Main.storyboard in Resources */,
				9F70FAA71CC4BF2800475FA9 /* 5.jpg in Resources */,
				9F70FAA31CC4BF0F00475FA9 /* 3.jpg in Resources */,
				9F68ADDA1CC86106003A8694 /* 1.gif in Resources */,
				9F70FA9F1CC4BF0300475FA9 /* 1.jpg in Resources */,
			);
			runOnlyForDeploymentPostprocessing = 0;
		};
/* End PBXResourcesBuildPhase section */

/* Begin PBXSourcesBuildPhase section */
		9F70FA771CC4B4A500475FA9 /* Sources */ = {
			isa = PBXSourcesBuildPhase;
			buildActionMask = 2147483647;
			files = (
				9F7B97831CC62F9500238574 /* ParallaxHeaderView.m in Sources */,
				9F7B97861CC62FB100238574 /* UIImage+ImageEffects.m in Sources */,
				9F70FA861CC4B4A500475FA9 /* ViewController.m in Sources */,
				9F70FA831CC4B4A500475FA9 /* AppDelegate.m in Sources */,
				9F7B97801CC619D800238574 /* FruitDetailViewController.m in Sources */,
				9F70FA9B1CC4B71000475FA9 /* FruitCell.m in Sources */,
				9F70FA971CC4B52200475FA9 /* FruitListTableViewController.m in Sources */,
				9F70FAB81CC4D74D00475FA9 /* UIView+SDAutoLayout.m in Sources */,
				9F70FAAA1CC4BF5100475FA9 /* FruitModel.m in Sources */,
				9F70FABB1CC4DD8100475FA9 /* HJSMoveTransition.m in Sources */,
				9F7B97731CC5D85A00238574 /* HJSMoveInverseTransition.m in Sources */,
				9F70FA801CC4B4A500475FA9 /* main.m in Sources */,
				9F70FAB71CC4D74D00475FA9 /* UITableView+SDAutoTableViewCellHeight.m in Sources */,
			);
			runOnlyForDeploymentPostprocessing = 0;
		};
/* End PBXSourcesBuildPhase section */

/* Begin PBXVariantGroup section */
		9F70FA871CC4B4A500475FA9 /* Main.storyboard */ = {
			isa = PBXVariantGroup;
			children = (
				9F70FA881CC4B4A500475FA9 /* Base */,
			);
			name = Main.storyboard;
			sourceTree = "<group>";
		};
		9F70FA8C1CC4B4A500475FA9 /* LaunchScreen.storyboard */ = {
			isa = PBXVariantGroup;
			children = (
				9F70FA8D1CC4B4A500475FA9 /* Base */,
			);
			name = LaunchScreen.storyboard;
			sourceTree = "<group>";
		};
/* End PBXVariantGroup section */

/* Begin XCBuildConfiguration section */
		9F70FA901CC4B4A500475FA9 /* Debug */ = {
			isa = XCBuildConfiguration;
			buildSettings = {
				ALWAYS_SEARCH_USER_PATHS = NO;
				CLANG_ANALYZER_NONNULL = YES;
				CLANG_CXX_LANGUAGE_STANDARD = "gnu++0x";
				CLANG_CXX_LIBRARY = "libc++";
				CLANG_ENABLE_MODULES = YES;
				CLANG_ENABLE_OBJC_ARC = YES;
				CLANG_WARN_BOOL_CONVERSION = YES;
				CLANG_WARN_CONSTANT_CONVERSION = YES;
				CLANG_WARN_DIRECT_OBJC_ISA_USAGE = YES_ERROR;
				CLANG_WARN_EMPTY_BODY = YES;
				CLANG_WARN_ENUM_CONVERSION = YES;
				CLANG_WARN_INT_CONVERSION = YES;
				CLANG_WARN_OBJC_ROOT_CLASS = YES_ERROR;
				CLANG_WARN_UNREACHABLE_CODE = YES;
				CLANG_WARN__DUPLICATE_METHOD_MATCH = YES;
				"CODE_SIGN_IDENTITY[sdk=iphoneos*]" = "iPhone Developer";
				COPY_PHASE_STRIP = NO;
				DEBUG_INFORMATION_FORMAT = dwarf;
				ENABLE_STRICT_OBJC_MSGSEND = YES;
				ENABLE_TESTABILITY = YES;
				GCC_C_LANGUAGE_STANDARD = gnu99;
				GCC_DYNAMIC_NO_PIC = NO;
				GCC_NO_COMMON_BLOCKS = YES;
				GCC_OPTIMIZATION_LEVEL = 0;
				GCC_PREPROCESSOR_DEFINITIONS = (
					"DEBUG=1",
					"$(inherited)",
				);
				GCC_WARN_64_TO_32_BIT_CONVERSION = YES;
				GCC_WARN_ABOUT_RETURN_TYPE = YES_ERROR;
				GCC_WARN_UNDECLARED_SELECTOR = YES;
				GCC_WARN_UNINITIALIZED_AUTOS = YES_AGGRESSIVE;
				GCC_WARN_UNUSED_FUNCTION = YES;
				GCC_WARN_UNUSED_VARIABLE = YES;
				IPHONEOS_DEPLOYMENT_TARGET = 9.3;
				MTL_ENABLE_DEBUG_INFO = YES;
				ONLY_ACTIVE_ARCH = YES;
				SDKROOT = iphoneos;
			};
			name = Debug;
		};
		9F70FA911CC4B4A500475FA9 /* Release */ = {
			isa = XCBuildConfiguration;
			buildSettings = {
				ALWAYS_SEARCH_USER_PATHS = NO;
				CLANG_ANALYZER_NONNULL = YES;
				CLANG_CXX_LANGUAGE_STANDARD = "gnu++0x";
				CLANG_CXX_LIBRARY = "libc++";
				CLANG_ENABLE_MODULES = YES;
				CLANG_ENABLE_OBJC_ARC = YES;
				CLANG_WARN_BOOL_CONVERSION = YES;
				CLANG_WARN_CONSTANT_CONVERSION = YES;
				CLANG_WARN_DIRECT_OBJC_ISA_USAGE = YES_ERROR;
				CLANG_WARN_EMPTY_BODY = YES;
				CLANG_WARN_ENUM_CONVERSION = YES;
				CLANG_WARN_INT_CONVERSION = YES;
				CLANG_WARN_OBJC_ROOT_CLASS = YES_ERROR;
				CLANG_WARN_UNREACHABLE_CODE = YES;
				CLANG_WARN__DUPLICATE_METHOD_MATCH = YES;
				"CODE_SIGN_IDENTITY[sdk=iphoneos*]" = "iPhone Developer";
				COPY_PHASE_STRIP = NO;
				DEBUG_INFORMATION_FORMAT = "dwarf-with-dsym";
				ENABLE_NS_ASSERTIONS = NO;
				ENABLE_STRICT_OBJC_MSGSEND = YES;
				GCC_C_LANGUAGE_STANDARD = gnu99;
				GCC_NO_COMMON_BLOCKS = YES;
				GCC_WARN_64_TO_32_BIT_CONVERSION = YES;
				GCC_WARN_ABOUT_RETURN_TYPE = YES_ERROR;
				GCC_WARN_UNDECLARED_SELECTOR = YES;
				GCC_WARN_UNINITIALIZED_AUTOS = YES_AGGRESSIVE;
				GCC_WARN_UNUSED_FUNCTION = YES;
				GCC_WARN_UNUSED_VARIABLE = YES;
				IPHONEOS_DEPLOYMENT_TARGET = 9.3;
				MTL_ENABLE_DEBUG_INFO = NO;
				SDKROOT = iphoneos;
				VALIDATE_PRODUCT = YES;
			};
			name = Release;
		};
		9F70FA931CC4B4A500475FA9 /* Debug */ = {
			isa = XCBuildConfiguration;
			buildSettings = {
				ASSETCATALOG_COMPILER_APPICON_NAME = AppIcon;
				CODE_SIGN_IDENTITY = "iPhone Developer";
				INFOPLIST_FILE = EveryDayTheOrchard/Info.plist;
				IPHONEOS_DEPLOYMENT_TARGET = 8.1;
				LD_RUNPATH_SEARCH_PATHS = "$(inherited) @executable_path/Frameworks";
				PRODUCT_BUNDLE_IDENTIFIER = sand.EveryDayTheOrchard;
				PRODUCT_NAME = "$(TARGET_NAME)";
			};
			name = Debug;
		};
		9F70FA941CC4B4A500475FA9 /* Release */ = {
			isa = XCBuildConfiguration;
			buildSettings = {
				ASSETCATALOG_COMPILER_APPICON_NAME = AppIcon;
				CODE_SIGN_IDENTITY = "iPhone Developer";
				INFOPLIST_FILE = EveryDayTheOrchard/Info.plist;
				IPHONEOS_DEPLOYMENT_TARGET = 8.1;
				LD_RUNPATH_SEARCH_PATHS = "$(inherited) @executable_path/Frameworks";
				PRODUCT_BUNDLE_IDENTIFIER = sand.EveryDayTheOrchard;
				PRODUCT_NAME = "$(TARGET_NAME)";
			};
			name = Release;
		};
/* End XCBuildConfiguration section */

/* Begin XCConfigurationList section */
		9F70FA761CC4B4A500475FA9 /* Build configuration list for PBXProject "EveryDayTheOrchard" */ = {
			isa = XCConfigurationList;
			buildConfigurations = (
				9F70FA901CC4B4A500475FA9 /* Debug */,
				9F70FA911CC4B4A500475FA9 /* Release */,
			);
			defaultConfigurationIsVisible = 0;
			defaultConfigurationName = Release;
		};
		9F70FA921CC4B4A500475FA9 /* Build configuration list for PBXNativeTarget "EveryDayTheOrchard" */ = {
			isa = XCConfigurationList;
			buildConfigurations = (
				9F70FA931CC4B4A500475FA9 /* Debug */,
				9F70FA941CC4B4A500475FA9 /* Release */,
			);
			defaultConfigurationIsVisible = 0;
			defaultConfigurationName = Release;
		};
/* End XCConfigurationList section */
	};
	rootObject = 9F70FA731CC4B4A500475FA9 /* Project object */;
}
